
Microsoft Visual Studio Solution File, Format Version 12.00
# Visual Studio Version 16
VisualStudioVersion = 16.0.31910.168
MinimumVisualStudioVersion = 10.0.40219.1
Project("{9A19103F-16F7-4668-BE54-9A1E7A4F7556}") = "Tarefas.API", "src\Tarefas.API\Tarefas.API.csproj", "{51067756-8A8F-44AB-BC02-FCF1D2019610}"
EndProject
Project("{9A19103F-16F7-4668-BE54-9A1E7A4F7556}") = "Tarefas.Domain", "src\Tarefas.Domain\Tarefas.Domain.csproj", "{494006AD-9CC0-45BE-B5EA-E96B350C52D9}"
EndProject
Project("{9A19103F-16F7-4668-BE54-9A1E7A4F7556}") = "Tarefas.Infrastructure", "src\Tarefas.Infrastructure\Tarefas.Infrastructure.csproj", "{A6734A35-0261-42C0-B840-BC5302D1388A}"
EndProject
Global
	GlobalSection(SolutionConfigurationPlatforms) = preSolution
		Debug|Any CPU = Debug|Any CPU
		Release|Any CPU = Release|Any CPU
	EndGlobalSection
	GlobalSection(ProjectConfigurationPlatforms) = postSolution
		{51067756-8A8F-44AB-BC02-FCF1D2019610}.Debug|Any CPU.ActiveCfg = Debug|Any CPU
		{51067756-8A8F-44AB-BC02-FCF1D2019610}.Debug|Any CPU.Build.0 = Debug|Any CPU
		{51067756-8A8F-44AB-BC02-FCF1D2019610}.Release|Any CPU.ActiveCfg = Release|Any CPU
		{51067756-8A8F-44AB-BC02-FCF1D2019610}.Release|Any CPU.Build.0 = Release|Any CPU
		{494006AD-9CC0-45BE-B5EA-E96B350C52D9}.Debug|Any CPU.ActiveCfg = Debug|Any CPU
		{494006AD-9CC0-45BE-B5EA-E96B350C52D9}.Debug|Any CPU.Build.0 = Debug|Any CPU
		{494006AD-9CC0-45BE-B5EA-E96B350C52D9}.Release|Any CPU.ActiveCfg = Release|Any CPU
		{494006AD-9CC0-45BE-B5EA-E96B350C52D9}.Release|Any CPU.Build.0 = Release|Any CPU
		{A6734A35-0261-42C0-B840-BC5302D1388A}.Debug|Any CPU.ActiveCfg = Debug|Any CPU
		{A6734A35-0261-42C0-B840-BC5302D1388A}.Debug|Any CPU.Build.0 = Debug|Any CPU
		{A6734A35-0261-42C0-B840-BC5302D1388A}.Release|Any CPU.ActiveCfg = Release|Any CPU
		{A6734A35-0261-42C0-B840-BC5302D1388A}.Release|Any CPU.Build.0 = Release|Any CPU
	EndGlobalSection
	GlobalSection(SolutionProperties) = preSolution
		HideSolutionNode = FALSE
	EndGlobalSection
	GlobalSection(ExtensibilityGlobals) = postSolution
		SolutionGuid = {49AAD24B-548D-4F96-B3E2-09370FE25ADC}
	EndGlobalSection
EndGlobal
